
Microsoft Visual Studio Solution File, Format Version 12.00
# Visual Studio Version 17
VisualStudioVersion = 17.5.002.0
MinimumVisualStudioVersion = 10.0.40219.1
Project("{9A19103F-16F7-4668-BE54-9A1E7A4F7556}") = "br.com.fiap.alert", "br.com.fiap.alert.csproj", "{B68BCA04-B185-4A59-91A0-11B3D1321350}"
EndProject
Global
	GlobalSection(SolutionConfigurationPlatforms) = preSolution
		Debug|Any CPU = Debug|Any CPU
		Release|Any CPU = Release|Any CPU
	EndGlobalSection
	GlobalSection(ProjectConfigurationPlatforms) = postSolution
		{B68BCA04-B185-4A59-91A0-11B3D1321350}.Debug|Any CPU.ActiveCfg = Debug|Any CPU
		{B68BCA04-B185-4A59-91A0-11B3D1321350}.Debug|Any CPU.Build.0 = Debug|Any CPU
		{B68BCA04-B185-4A59-91A0-11B3D1321350}.Release|Any CPU.ActiveCfg = Release|Any CPU
		{B68BCA04-B185-4A59-91A0-11B3D1321350}.Release|Any CPU.Build.0 = Release|Any CPU
	EndGlobalSection
	GlobalSection(SolutionProperties) = preSolution
		HideSolutionNode = FALSE
	EndGlobalSection
	GlobalSection(ExtensibilityGlobals) = postSolution
		SolutionGuid = {74C56874-3017-4B1F-A2B7-9421E54F4AF9}
	EndGlobalSection
EndGlobal
