
Microsoft Visual Studio Solution File, Format Version 12.00
# Visual Studio Version 17
VisualStudioVersion = 17.10.34928.147
MinimumVisualStudioVersion = 10.0.40219.1
Project("{FAE04EC0-301F-11D3-BF4B-00C04F79EFBC}") = "br.com.fiap.alert", "br.com.fiap.alert\br.com.fiap.alert.csproj", "{97DD2DF4-C2FA-4AFD-A89E-27CE913BDA1A}"
EndProject
Global
	GlobalSection(SolutionConfigurationPlatforms) = preSolution
		Debug|Any CPU = Debug|Any CPU
		Release|Any CPU = Release|Any CPU
	EndGlobalSection
	GlobalSection(ProjectConfigurationPlatforms) = postSolution
		{97DD2DF4-C2FA-4AFD-A89E-27CE913BDA1A}.Debug|Any CPU.ActiveCfg = Debug|Any CPU
		{97DD2DF4-C2FA-4AFD-A89E-27CE913BDA1A}.Debug|Any CPU.Build.0 = Debug|Any CPU
		{97DD2DF4-C2FA-4AFD-A89E-27CE913BDA1A}.Release|Any CPU.ActiveCfg = Release|Any CPU
		{97DD2DF4-C2FA-4AFD-A89E-27CE913BDA1A}.Release|Any CPU.Build.0 = Release|Any CPU
	EndGlobalSection
	GlobalSection(SolutionProperties) = preSolution
		HideSolutionNode = FALSE
	EndGlobalSection
	GlobalSection(ExtensibilityGlobals) = postSolution
		SolutionGuid = {C9A906B8-4A0C-4CE3-9009-8E08DEB2EFF5}
	EndGlobalSection
EndGlobal
